
Microsoft Visual Studio Solution File, Format Version 12.00
Project("{FAE04EC0-301F-11D3-BF4B-00C04F79EFBC}") = "Zadanie5", "Zadanie5\Zadanie5.csproj", "{95E258D7-1D71-4F80-9DB8-A8A7A3F5225B}"
EndProject
Global
	GlobalSection(SolutionConfigurationPlatforms) = preSolution
		Debug|Any CPU = Debug|Any CPU
		Release|Any CPU = Release|Any CPU
	EndGlobalSection
	GlobalSection(ProjectConfigurationPlatforms) = postSolution
		{95E258D7-1D71-4F80-9DB8-A8A7A3F5225B}.Debug|Any CPU.ActiveCfg = Debug|Any CPU
		{95E258D7-1D71-4F80-9DB8-A8A7A3F5225B}.Debug|Any CPU.Build.0 = Debug|Any CPU
		{95E258D7-1D71-4F80-9DB8-A8A7A3F5225B}.Release|Any CPU.ActiveCfg = Release|Any CPU
		{95E258D7-1D71-4F80-9DB8-A8A7A3F5225B}.Release|Any CPU.Build.0 = Release|Any CPU
	EndGlobalSection
EndGlobal
